
Microsoft Visual Studio Solution File, Format Version 12.00
# Visual Studio Version 17
VisualStudioVersion = 17.5.002.0
MinimumVisualStudioVersion = 10.0.40219.1
Project("{9A19103F-16F7-4668-BE54-9A1E7A4F7556}") = "SSCMS.Database", "SSCMS.Database.csproj", "{914F76CD-769E-47AB-8F35-CEB1DD2A19D6}"
EndProject
Global
	GlobalSection(SolutionConfigurationPlatforms) = preSolution
		Debug|Any CPU = Debug|Any CPU
		Release|Any CPU = Release|Any CPU
	EndGlobalSection
	GlobalSection(ProjectConfigurationPlatforms) = postSolution
		{914F76CD-769E-47AB-8F35-CEB1DD2A19D6}.Debug|Any CPU.ActiveCfg = Debug|Any CPU
		{914F76CD-769E-47AB-8F35-CEB1DD2A19D6}.Debug|Any CPU.Build.0 = Debug|Any CPU
		{914F76CD-769E-47AB-8F35-CEB1DD2A19D6}.Release|Any CPU.ActiveCfg = Release|Any CPU
		{914F76CD-769E-47AB-8F35-CEB1DD2A19D6}.Release|Any CPU.Build.0 = Release|Any CPU
	EndGlobalSection
	GlobalSection(SolutionProperties) = preSolution
		HideSolutionNode = FALSE
	EndGlobalSection
	GlobalSection(ExtensibilityGlobals) = postSolution
		SolutionGuid = {F42F4045-C065-4CFA-B691-77B63FD6D843}
	EndGlobalSection
EndGlobal
